PODS:
  - KLCommonTools (0.1.1):
    - MBProgressHUD (~> 0.9.2)
  - MBProgressHUD (0.9.2)

DEPENDENCIES:
  - KLCommonTools (from `../`)

SPEC REPOS:
  https://github.com/cocoapods/specs.git:
    - MBProgressHUD

EXTERNAL SOURCES:
  KLCommonTools:
    :path: "../"

SPEC CHECKSUMS:
  KLCommonTools: cc7bbe8967ee6550251fa4731d4fbe711bffd3dc
  MBProgressHUD: 1569cf7ace17a8bac47aabfbb8580a49690386d1

PODFILE CHECKSUM: 358ae5f168a25072792a89491b5a0a2265d4929f

COCOAPODS: 1.7.3
