PODS:
  - KLCommonTools (0.1.6):
    - KLCommonTools/Category (= 0.1.6)
    - KLCommonTools/Configure (= 0.1.6)
    - KLCommonTools/Others (= 0.1.6)
    - KLCommonTools/WebView (= 0.1.6)
  - KLCommonTools/Category (0.1.6):
    - KLCommonTools/Configure
  - KLCommonTools/Configure (0.1.6)
  - KLCommonTools/Others (0.1.6):
    - KLCommonTools/Configure
    - MBProgressHUD (~> 0.9.2)
  - KLCommonTools/WebView (0.1.6)
  - MBProgressHUD (0.9.2)

DEPENDENCIES:
  - KLCommonTools (from `../`)

SPEC REPOS:
  https://github.com/cocoapods/specs.git:
    - MBProgressHUD

EXTERNAL SOURCES:
  KLCommonTools:
    :path: "../"

SPEC CHECKSUMS:
  KLCommonTools: b84523361d6937036332491e80684829472e4f95
  MBProgressHUD: 1569cf7ace17a8bac47aabfbb8580a49690386d1

PODFILE CHECKSUM: 76fc99e0b29fe3e1205274cc65a314100d748b3d

COCOAPODS: 1.7.3
